%{
  "elixir_make": {:hex, :elixir_make, "0.9.0", "6484b3cd8c0cee58f09f05ecaf1a140a8c97670671a6a0e7ab4dc326c3109726", [:mix], [], "hexpm", "db23d4fd8b757462ad02f8aa73431a426fe6671c80b200d9710caf3d1dd0ffdb"},
  "jason": {:hex, :jason, "1.4.4", "b9226785a9aa77b6857ca22832cffa5d5011a667207eb2a0ad56adb5db443b8a", [:mix], [{:decimal, "~> 1.0 or ~> 2.0", [hex: :decimal, repo: "hexpm", optional: true]}], "hexpm", "c5eb0cab91f094599f94d55bc63409236a8ec69a21a67814529e8d5f6cc90b3b"},
  "nimble_parsec": {:hex, :nimble_parsec, "1.4.0", "51f9b613ea62cfa97b25ccc2c1b4216e81df970acd8e16e8d1bdc58fef21370d", [:mix], [], "hexpm", "9c565862810fb383e9838c1dd2d7d2c437b3d13b267414ba6af33e50d2d1cf28"},
  "pegasus": {:hex, :pegasus, "0.2.6", "b4af6522326fbb2ffd1bb706e78ec05854fbcb4b03a7fe08f8db2e9de1d0be67", [:mix], [{:nimble_parsec, "~> 1.2", [hex: :nimble_parsec, repo: "hexpm", optional: false]}], "hexpm", "0ac159f0ccab7967cf90208327cc8a35788874814c8d78e19d47104d3fc049b9"},
  "protoss": {:hex, :protoss, "0.2.1", "fcf437ed65178d6cbf9a600886e3da9f7173697223972f062ee593941c2588b1", [:mix], [], "hexpm", "2261dbdc4d5913ce1e88d1410108d97f21140a118f45f6acc3edc4ecdb952052"},
  "zig_get": {:hex, :zig_get, "0.13.1", "0c5ba23e8ed9bfabb22ddee3f728fe382b72db057423956549e71c9a33aed090", [:mix], [{:jason, "~> 1.4", [hex: :jason, repo: "hexpm", optional: false]}], "hexpm", "bb05db6ed83a72e3100ab0110aad0f3c81ea005f9e85f22c63c3527a82257b4f"},
  "zig_parser": {:hex, :zig_parser, "0.4.0", "5230576fcea30c061f08f6053448ad3dc5194a45485065564a7f8047bb351ce9", [:mix], [{:pegasus, "~> 0.2.4", [hex: :pegasus, repo: "hexpm", optional: false]}], "hexpm", "ec54cf14e80a1485e29a80b42756d0421426db81eb9e2630721fd46ab5c21bcb"},
  "zigler": {:hex, :zigler, "0.13.3", "18f9a1b4d230154156b9955b209fbd85c4195d5b35e0d55dae5d3a48c646e8c8", [:mix], [{:jason, "~> 1.4", [hex: :jason, repo: "hexpm", optional: false]}, {:protoss, "~> 0.2", [hex: :protoss, repo: "hexpm", optional: false]}, {:zig_get, "0.13.1", [hex: :zig_get, repo: "hexpm", optional: false]}, {:zig_parser, "~> 0.4.0", [hex: :zig_parser, repo: "hexpm", optional: false]}], "hexpm", "b83bfd7c8bfad275cc59a4816846b2c863f1dcf9842303323bf3110ac2597134"},
}
