%{
  "elixir_make": {:hex, :elixir_make, "0.9.0", "6484b3cd8c0cee58f09f05ecaf1a140a8c97670671a6a0e7ab4dc326c3109726", [:mix], [], "hexpm", "db23d4fd8b757462ad02f8aa73431a426fe6671c80b200d9710caf3d1dd0ffdb"},
  "jason": {:hex, :jason, "1.4.4", "b9226785a9aa77b6857ca22832cffa5d5011a667207eb2a0ad56adb5db443b8a", [:mix], [{:decimal, "~> 1.0 or ~> 2.0", [hex: :decimal, repo: "hexpm", optional: true]}], "hexpm", "c5eb0cab91f094599f94d55bc63409236a8ec69a21a67814529e8d5f6cc90b3b"},
  "muontrap": {:hex, :muontrap, "1.6.1", "4a81a159f64e4c7bf01162a7863559d634bc48929218690ada309a9a98a9ac22", [:make, :mix], [{:elixir_make, "~> 0.6", [hex: :elixir_make, repo: "hexpm", optional: false]}], "hexpm", "8ad31072402bebed3f554c9a463aa272c6dd964168c9cb81385f8711f068ed47"},
  "nimble_parsec": {:hex, :nimble_parsec, "1.4.2", "8efba0122db06df95bfaa78f791344a89352ba04baedd3849593bfce4d0dc1c6", [:mix], [], "hexpm", "4b21398942dda052b403bbe1da991ccd03a053668d147d53fb8c4e0efe09c973"},
  "pegasus": {:hex, :pegasus, "0.2.6", "b4af6522326fbb2ffd1bb706e78ec05854fbcb4b03a7fe08f8db2e9de1d0be67", [:mix], [{:nimble_parsec, "~> 1.2", [hex: :nimble_parsec, repo: "hexpm", optional: false]}], "hexpm", "0ac159f0ccab7967cf90208327cc8a35788874814c8d78e19d47104d3fc049b9"},
  "protoss": {:hex, :protoss, "0.2.1", "fcf437ed65178d6cbf9a600886e3da9f7173697223972f062ee593941c2588b1", [:mix], [], "hexpm", "2261dbdc4d5913ce1e88d1410108d97f21140a118f45f6acc3edc4ecdb952052"},
  "zig_get": {:hex, :zig_get, "0.14.2", "c111e25509290c6274398159f0c27bb6966bbe3d8be9043dc690ccb772e79e65", [:mix], [], "hexpm", "ee9872289b7296236816bdd6d61e3a7a36b739fd2cbf76c79db2a65c45ddc359"},
  "zig_parser": {:hex, :zig_parser, "0.5.1", "01a084814937a6d2f94cf517d649949fe6944498f5adabb8127055726661278d", [:mix], [{:pegasus, "~> 0.2.4", [hex: :pegasus, repo: "hexpm", optional: false]}], "hexpm", "b94cd2ac2aefffa26a868f49d4d21bc7c8616f0f80afab3aa4ded537df8462af"},
  "zigler": {:hex, :zigler, "0.14.1", "d664e1890302a5b3d88d60999cfd2c835c43d5869959279a8f52e0284f24f733", [:mix], [{:protoss, "~> 0.2", [hex: :protoss, repo: "hexpm", optional: false]}, {:zig_get, "~> 0.14.2", [hex: :zig_get, repo: "hexpm", optional: false]}, {:zig_parser, "~> 0.5", [hex: :zig_parser, repo: "hexpm", optional: false]}], "hexpm", "6dcf3312fec80b18ae0feef79c56b163398e6dd039197c6b811d9eebdfb086aa"},
}
